
Microsoft Visual Studio Solution File, Format Version 12.00
# Visual Studio Version 17
VisualStudioVersion = 17.9.34728.123
MinimumVisualStudioVersion = 10.0.40219.1
Project("{FAE04EC0-301F-11D3-BF4B-00C04F79EFBC}") = "Reimbursements.WebApi", "Reimbursements.WebApi.csproj", "{BE7379C8-38E7-453A-AEEE-341898FE2241}"
EndProject
Project("{FAE04EC0-301F-11D3-BF4B-00C04F79EFBC}") = "Reimbursements.Business", "..\Reimbursements.Business\Reimbursements.Business.csproj", "{2CA69409-8D79-4615-BA01-2AB5EE4058E3}"
EndProject
Project("{FAE04EC0-301F-11D3-BF4B-00C04F79EFBC}") = "Reimbursements.DataAccess", "..\Reimbursements.DataAccess\Reimbursements.DataAccess.csproj", "{21D528C6-4161-4699-9226-2B56A55F55F4}"
EndProject
Global
	GlobalSection(SolutionConfigurationPlatforms) = preSolution
		Debug|Any CPU = Debug|Any CPU
		Release|Any CPU = Release|Any CPU
	EndGlobalSection
	GlobalSection(ProjectConfigurationPlatforms) = postSolution
		{BE7379C8-38E7-453A-AEEE-341898FE2241}.Debug|Any CPU.ActiveCfg = Debug|Any CPU
		{BE7379C8-38E7-453A-AEEE-341898FE2241}.Debug|Any CPU.Build.0 = Debug|Any CPU
		{BE7379C8-38E7-453A-AEEE-341898FE2241}.Release|Any CPU.ActiveCfg = Release|Any CPU
		{BE7379C8-38E7-453A-AEEE-341898FE2241}.Release|Any CPU.Build.0 = Release|Any CPU
		{2CA69409-8D79-4615-BA01-2AB5EE4058E3}.Debug|Any CPU.ActiveCfg = Debug|Any CPU
		{2CA69409-8D79-4615-BA01-2AB5EE4058E3}.Debug|Any CPU.Build.0 = Debug|Any CPU
		{2CA69409-8D79-4615-BA01-2AB5EE4058E3}.Release|Any CPU.ActiveCfg = Release|Any CPU
		{2CA69409-8D79-4615-BA01-2AB5EE4058E3}.Release|Any CPU.Build.0 = Release|Any CPU
		{21D528C6-4161-4699-9226-2B56A55F55F4}.Debug|Any CPU.ActiveCfg = Debug|Any CPU
		{21D528C6-4161-4699-9226-2B56A55F55F4}.Debug|Any CPU.Build.0 = Debug|Any CPU
		{21D528C6-4161-4699-9226-2B56A55F55F4}.Release|Any CPU.ActiveCfg = Release|Any CPU
		{21D528C6-4161-4699-9226-2B56A55F55F4}.Release|Any CPU.Build.0 = Release|Any CPU
	EndGlobalSection
	GlobalSection(SolutionProperties) = preSolution
		HideSolutionNode = FALSE
	EndGlobalSection
	GlobalSection(ExtensibilityGlobals) = postSolution
		SolutionGuid = {C3EF2DA8-2E84-4752-A95D-EF5BC00F84F7}
	EndGlobalSection
EndGlobal
